
Microsoft Visual Studio Solution File, Format Version 12.00
# Visual Studio Version 17
VisualStudioVersion = 17.3.32819.101
MinimumVisualStudioVersion = 10.0.40219.1
Project("{9A19103F-16F7-4668-BE54-9A1E7A4F7556}") = "CalculationFigures", "CalculationFigures.csproj", "{A27C7E8C-90F7-4B46-BF77-68CA287A1F80}"
EndProject
Project("{9A19103F-16F7-4668-BE54-9A1E7A4F7556}") = "TestCalculationFigures", "..\TestCalculationFigures\TestCalculationFigures.csproj", "{FCC388FD-944B-4A53-886E-530B7DF23841}"
EndProject
Global
	GlobalSection(SolutionConfigurationPlatforms) = preSolution
		Debug|Any CPU = Debug|Any CPU
		Release|Any CPU = Release|Any CPU
	EndGlobalSection
	GlobalSection(ProjectConfigurationPlatforms) = postSolution
		{A27C7E8C-90F7-4B46-BF77-68CA287A1F80}.Debug|Any CPU.ActiveCfg = Debug|Any CPU
		{A27C7E8C-90F7-4B46-BF77-68CA287A1F80}.Debug|Any CPU.Build.0 = Debug|Any CPU
		{A27C7E8C-90F7-4B46-BF77-68CA287A1F80}.Release|Any CPU.ActiveCfg = Release|Any CPU
		{A27C7E8C-90F7-4B46-BF77-68CA287A1F80}.Release|Any CPU.Build.0 = Release|Any CPU
		{FCC388FD-944B-4A53-886E-530B7DF23841}.Debug|Any CPU.ActiveCfg = Debug|Any CPU
		{FCC388FD-944B-4A53-886E-530B7DF23841}.Debug|Any CPU.Build.0 = Debug|Any CPU
		{FCC388FD-944B-4A53-886E-530B7DF23841}.Release|Any CPU.ActiveCfg = Release|Any CPU
		{FCC388FD-944B-4A53-886E-530B7DF23841}.Release|Any CPU.Build.0 = Release|Any CPU
	EndGlobalSection
	GlobalSection(SolutionProperties) = preSolution
		HideSolutionNode = FALSE
	EndGlobalSection
	GlobalSection(ExtensibilityGlobals) = postSolution
		SolutionGuid = {0D47011B-DD9A-4404-A4EB-5A8F9A8F8D24}
	EndGlobalSection
EndGlobal
